{
  "version": 4,
  "terraform_version": "1.7.2",
  "serial": 29,
  "lineage": "d4fc2b48-a762-3024-8a54-bfb2b7aa9460",
  "outputs": {},
  "resources": [
    {
      "mode": "managed",
      "type": "aws_eip",
      "name": "nat",
      "provider": "provider[\"registry.opentofu.org/hashicorp/aws\"]",
      "instances": [
        {
          "index_key": 0,
          "schema_version": 0,
          "attributes": {
            "address": null,
            "allocation_id": "eipalloc-0edbafb279709d9a8",
            "arn": "arn:aws:ec2:eu-central-1:851725263660:elastic-ip/eipalloc-0edbafb279709d9a8",
            "associate_with_private_ip": null,
            "association_id": "eipassoc-0a21e4cfb5d298156",
            "carrier_ip": "",
            "customer_owned_ip": "",
            "customer_owned_ipv4_pool": "",
            "domain": "vpc",
            "id": "eipalloc-0edbafb279709d9a8",
            "instance": "",
            "network_border_group": "eu-central-1",
            "network_interface": "eni-0abb8c7ca1508bc1c",
            "private_dns": "ip-10-153-10-206.eu-central-1.compute.internal",
            "private_ip": "10.153.10.206",
            "ptr_record": "",
            "public_dns": "ec2-18-184-238-142.eu-central-1.compute.amazonaws.com",
            "public_ip": "18.184.238.142",
            "public_ipv4_pool": "amazon",
            "tags": {
              "Name": "eip_pub_snet_a"
            },
            "tags_all": {
              "Name": "eip_pub_snet_a"
            },
            "timeouts": null,
            "vpc": true
          },
          "sensitive_attributes": [],
          "private": "eyJlMmJmYjczMC1lY2FhLTExZTYtOGY4OC0zNDM2M2JjN2M0YzAiOnsiZGVsZXRlIjoxODAwMDAwMDAwMDAsInJlYWQiOjkwMDAwMDAwMDAwMCwidXBkYXRlIjozMDAwMDAwMDAwMDB9fQ=="
        }
      ]
    },
    {
      "mode": "managed",
      "type": "aws_key_pair",
      "name": "kp",
      "provider": "provider[\"registry.opentofu.org/hashicorp/aws\"]",
      "instances": [
        {
          "schema_version": 1,
          "attributes": {
            "arn": "arn:aws:ec2:eu-central-1:851725263660:key-pair/unir_key",
            "fingerprint": "fd:4d:71:00:05:ad:8d:f7:17:5e:55:7d:fb:8e:8c:ca",
            "id": "unir_key",
            "key_name": "unir_key",
            "key_name_prefix": "",
            "key_pair_id": "key-05c9edb12d828258d",
            "key_type": "rsa",
            "public_key": "ssh-rsa AAAAB3NzaC1yc2EAAAADAQABAAABAQC10DpfEnj3b8GPyihYCr4UOxHwHxDnh/QxtUD1y95zbehV3JqG7sfM+nMwCKB1AB/riwLKMQBgBgIeDDJCZDO+rD3lFGJ4j0bfB53aaSn6kFKIzWQW8d5vtTX2OCYXNCLr0ob00NwEzVCueyNV6S/bYSg6ZZGgiUTkINcmATSqVquBVYtYtwGwlX+MqcWhEbso8Iu0fSY/LHYdAgGyxseWNyvo2GHW2mUee7rQ4Exq3qPXds9eK+8tJdMJf0yEUySWbSyRmwCLS5NKqh+AhcbrKiM3eW50tKzdawJhlxekUUk8WuTksdcG/sOAlaOT7ymB/nFHbrtnWmTRlLIjh13r",
            "tags": {},
            "tags_all": {}
          },
          "sensitive_attributes": [],
          "private": "eyJzY2hlbWFfdmVyc2lvbiI6IjEifQ==",
          "dependencies": [
            "tls_private_key.pk"
          ]
        }
      ]
    },
    {
      "mode": "managed",
      "type": "aws_security_group",
      "name": "sgs",
      "provider": "provider[\"registry.opentofu.org/hashicorp/aws\"]",
      "instances": [
        {
          "index_key": "sg1",
          "schema_version": 1,
          "attributes": {
            "arn": "arn:aws:ec2:eu-central-1:851725263660:security-group/sg-06abd86bcf84971ed",
            "description": "SG for the massess",
            "egress": [
              {
                "cidr_blocks": [
                  "0.0.0.0/0"
                ],
                "description": "Default egress rule [tf]",
                "from_port": 0,
                "ipv6_cidr_blocks": [],
                "prefix_list_ids": [],
                "protocol": "-1",
                "security_groups": [],
                "self": false,
                "to_port": 0
              }
            ],
            "id": "sg-06abd86bcf84971ed",
            "ingress": [
              {
                "cidr_blocks": [
                  "0.0.0.0/0"
                ],
                "description": "Allow 8080 [tf]",
                "from_port": 8080,
                "ipv6_cidr_blocks": [],
                "prefix_list_ids": [],
                "protocol": "tcp",
                "security_groups": [],
                "self": false,
                "to_port": 8080
              },
              {
                "cidr_blocks": [
                  "0.0.0.0/0"
                ],
                "description": "Allow http [tf]",
                "from_port": 80,
                "ipv6_cidr_blocks": [],
                "prefix_list_ids": [],
                "protocol": "tcp",
                "security_groups": [],
                "self": false,
                "to_port": 80
              },
              {
                "cidr_blocks": [
                  "0.0.0.0/0"
                ],
                "description": "Allow ssh  [tf]",
                "from_port": 22,
                "ipv6_cidr_blocks": [],
                "prefix_list_ids": [],
                "protocol": "tcp",
                "security_groups": [],
                "self": false,
                "to_port": 22
              }
            ],
            "name": "sg1",
            "name_prefix": "",
            "owner_id": "851725263660",
            "revoke_rules_on_delete": false,
            "tags": {
              "Name": "sg1"
            },
            "tags_all": {
              "Name": "sg1"
            },
            "timeouts": null,
            "vpc_id": "vpc-04794989594da890f"
          },
          "sensitive_attributes": [],
          "private": "eyJlMmJmYjczMC1lY2FhLTExZTYtOGY4OC0zNDM2M2JjN2M0YzAiOnsiY3JlYXRlIjo2MDAwMDAwMDAwMDAsImRlbGV0ZSI6OTAwMDAwMDAwMDAwfSwic2NoZW1hX3ZlcnNpb24iOiIxIn0=",
          "dependencies": [
            "module.network.aws_vpc.this"
          ]
        }
      ]
    },
    {
      "mode": "managed",
      "type": "aws_security_group_rule",
      "name": "sgs",
      "provider": "provider[\"registry.opentofu.org/hashicorp/aws\"]",
      "instances": [
        {
          "index_key": "sg1-164edf093eb04edc2b939d6b6f4808a2b0bb2859",
          "schema_version": 2,
          "attributes": {
            "cidr_blocks": [
              "0.0.0.0/0"
            ],
            "description": "Allow http [tf]",
            "from_port": 80,
            "id": "sgrule-4212496480",
            "ipv6_cidr_blocks": null,
            "prefix_list_ids": null,
            "protocol": "tcp",
            "security_group_id": "sg-06abd86bcf84971ed",
            "security_group_rule_id": "sgr-0216c188066149a47",
            "self": false,
            "source_security_group_id": null,
            "timeouts": null,
            "to_port": 80,
            "type": "ingress"
          },
          "sensitive_attributes": [],
          "private": "eyJlMmJmYjczMC1lY2FhLTExZTYtOGY4OC0zNDM2M2JjN2M0YzAiOnsiY3JlYXRlIjozMDAwMDAwMDAwMDB9LCJzY2hlbWFfdmVyc2lvbiI6IjIifQ==",
          "dependencies": [
            "aws_security_group.sgs",
            "module.network.aws_vpc.this"
          ]
        },
        {
          "index_key": "sg1-2a20bc438ef07ba70f6cc92e77fc7c4d5f4556a7",
          "schema_version": 2,
          "attributes": {
            "cidr_blocks": [
              "0.0.0.0/0"
            ],
            "description": "Allow 8080 [tf]",
            "from_port": 8080,
            "id": "sgrule-12697439",
            "ipv6_cidr_blocks": null,
            "prefix_list_ids": null,
            "protocol": "tcp",
            "security_group_id": "sg-06abd86bcf84971ed",
            "security_group_rule_id": "sgr-0dab6286b59a88b57",
            "self": false,
            "source_security_group_id": null,
            "timeouts": null,
            "to_port": 8080,
            "type": "ingress"
          },
          "sensitive_attributes": [],
          "private": "eyJlMmJmYjczMC1lY2FhLTExZTYtOGY4OC0zNDM2M2JjN2M0YzAiOnsiY3JlYXRlIjozMDAwMDAwMDAwMDB9LCJzY2hlbWFfdmVyc2lvbiI6IjIifQ==",
          "dependencies": [
            "aws_security_group.sgs",
            "module.network.aws_vpc.this"
          ]
        },
        {
          "index_key": "sg1-740b4d04a7e669d294a7a02a4802ee3c18fb7137",
          "schema_version": 2,
          "attributes": {
            "cidr_blocks": [
              "0.0.0.0/0"
            ],
            "description": "Allow ssh  [tf]",
            "from_port": 22,
            "id": "sgrule-1302316501",
            "ipv6_cidr_blocks": null,
            "prefix_list_ids": null,
            "protocol": "tcp",
            "security_group_id": "sg-06abd86bcf84971ed",
            "security_group_rule_id": "sgr-0b1e8bd69c1a332ef",
            "self": false,
            "source_security_group_id": null,
            "timeouts": null,
            "to_port": 22,
            "type": "ingress"
          },
          "sensitive_attributes": [],
          "private": "eyJlMmJmYjczMC1lY2FhLTExZTYtOGY4OC0zNDM2M2JjN2M0YzAiOnsiY3JlYXRlIjozMDAwMDAwMDAwMDB9LCJzY2hlbWFfdmVyc2lvbiI6IjIifQ==",
          "dependencies": [
            "aws_security_group.sgs",
            "module.network.aws_vpc.this"
          ]
        },
        {
          "index_key": "sg1-7aec3e15e69e473a2e02d5f8b28557b751954a69",
          "schema_version": 2,
          "attributes": {
            "cidr_blocks": [
              "0.0.0.0/0"
            ],
            "description": "Default egress rule [tf]",
            "from_port": 0,
            "id": "sgrule-4099692999",
            "ipv6_cidr_blocks": null,
            "prefix_list_ids": null,
            "protocol": "-1",
            "security_group_id": "sg-06abd86bcf84971ed",
            "security_group_rule_id": "sgr-06a6c030300ad912e",
            "self": false,
            "source_security_group_id": null,
            "timeouts": null,
            "to_port": 0,
            "type": "egress"
          },
          "sensitive_attributes": [],
          "private": "eyJlMmJmYjczMC1lY2FhLTExZTYtOGY4OC0zNDM2M2JjN2M0YzAiOnsiY3JlYXRlIjozMDAwMDAwMDAwMDB9LCJzY2hlbWFfdmVyc2lvbiI6IjIifQ==",
          "dependencies": [
            "aws_security_group.sgs",
            "module.network.aws_vpc.this"
          ]
        }
      ]
    },
    {
      "mode": "managed",
      "type": "local_file",
      "name": "ssh_key",
      "provider": "provider[\"registry.opentofu.org/hashicorp/local\"]",
      "instances": [
        {
          "schema_version": 0,
          "attributes": {
            "content": "-----BEGIN RSA PRIVATE KEY-----\nMIIEowIBAAKCAQEAtdA6XxJ492/Bj8ooWAq+FDsR8B8Q54f0MbVA9cvec23oVdya\nhu7HzPpzMAigdQAf64sCyjEAYAYCHgwyQmQzvqw95RRieI9G3wed2mkp+pBSiM1k\nFvHeb7U19jgmFzQi69KG9NDcBM1QrnsjVekv22EoOmWRoIlE5CDXJgE0qlargVWL\nWLcBsJV/jKnFoRG7KPCLtH0mPyx2HQIBssbHljcr6Nhh1tplHnu60OBMat6j13bP\nXivvLSXTCX9MhFMklm0skZsAi0uTSqofgIXG6yojN3ludLSs3WsCYZcXpFFJPFrk\n5LHXBv7DgJWjk+8pgf5xR267Z1pk0ZSyI4dd6wIDAQABAoIBAERe0qSP6Md70jlF\nV1iMaaBn+j3nIM9Ak/bhZ1VHXhbgPN+U/tNBFgeiIxDsHZMCAf7snpb0SGTTvZYZ\nFglbbw4D7Z6oxML7djZGwfixVWTxQuhI/JuYRwKRDYLS6JgPNhaia7fClwqDPxTu\nH4KeFy4TYjJboaDSHgL/yohzKZ/oJxpfl0yWlYRM9SHpb9cAuE2qhh/hC0ScoV/n\n+MR1yPVd5SBYuiH+SAlWXRpM0iI4i0eTo/NQYN9XDNdPJQbS5rgmr1k/gQhHrY7L\n1LLjdPwfFs8I217NoUABwa+ovd4qnrEeU9V0liL4sFFbweqzmz73NJ67b/RGBfzH\nqAqR6JkCgYEAyQgytKKvZwEHvVohrHVlLY0TRTtdgzEHg3MPKLwbhOj989UyV09Y\ndmiQtkOPfMo1ES0Ah2J3+IqNGvNMwF78Wqp32OEsUiaQV0VFKYNKOzAl4YzSGbs4\n+0VA2R3e14VnMd3D8Y9b3NQMQ42i65XosEz6QS1R5Be4GGxPTHF81q8CgYEA54bE\nhgozauoyWBR8LRGIhAcOBqiVE5YuHB1kSE1+DLjuhxzdJFBjHMh8mrzuykG+p4Mo\nFB5vdLYQRFhtphrD6goRRkTsWKhDd95ylYtNBNfCEWz/NHw6Yw7qIBvbwobDe39S\nClK5Zn5KJYPSY9P1+okzzvrAj853Mq2dBIdGu4UCgYAjthsbz5KNH7e6QVqeAjS5\nBMiZkdQoy/rjtPrKZ7ATyjfiqsrIi8XRMv4SAqpoppsKtA3V/v4E3sf2M6Y8viLi\nEEo98rIm3cbiWeHRYAs9vG3eRV/FRmb26/R7HT1K193fE+AM90SAVALhtTVt2DF/\nsAz8qwpTFIuVexgTIk3k7QKBgQDGaCVNwLwjaSNPe+6WKKpWij0o05s9N7u3+DAS\nDeZxPKGcQ8326rSk2+J8MGBqD0E1CB52b0aQO91g1G7So6k0jQAUucfYigmXVZfY\nM5IDDmqOyFtDPRpD/WoBrh37a8Vltcw2cIHVJXChCYBocCIhWyZ8v0H5erOHSGSA\nlvS0iQKBgB1BcENHB2T/nYT30tC/SNG6o4yhFkEvbWNhjx0pFU6q2uZR+nUETUMl\n+s25JJb/zV5Rheru1aWD8xs6N9+Ixk9ahSBG6shctjnDdvHwuxxE1LFOaERCUZSR\nqhl1vREGf8/740qk+8wbwgodLpvL/7FSAX248GDJn3Gz0eI9iMR1\n-----END RSA PRIVATE KEY-----\n",
            "content_base64": null,
            "content_base64sha256": "SHxqtAsTti47N/iTVkpfHO8vUQ2n1E0I43VBK4RWEhA=",
            "content_base64sha512": "ru+ZhiIX5fQvCRo1TACKtQdi+DBTNuJtAT6/xAlAG7BUGBqJ1z8v1bC4YVMn44EHnrA5/RXFf2kxnMfCnUWgsg==",
            "content_md5": "a22784d8fa29708921f210d42ec536c1",
            "content_sha1": "7abc0016bc9b0c0fdf9cdfecf17eef829122cbd1",
            "content_sha256": "487c6ab40b13b62e3b37f893564a5f1cef2f510da7d44d08e375412b84561210",
            "content_sha512": "aeef99862217e5f42f091a354c008ab50762f8305336e26d013ebfc409401bb054181a89d73f2fd5b0b8615327e381079eb039fd15c57f69319cc7c29d45a0b2",
            "directory_permission": "0777",
            "file_permission": "600",
            "filename": "global_resources/unir/unir_key.pem",
            "id": "7abc0016bc9b0c0fdf9cdfecf17eef829122cbd1",
            "sensitive_content": null,
            "source": null
          },
          "sensitive_attributes": [
            [
              {
                "type": "get_attr",
                "value": "content"
              }
            ]
          ],
          "dependencies": [
            "aws_key_pair.kp",
            "tls_private_key.pk"
          ]
        }
      ]
    },
    {
      "mode": "managed",
      "type": "tls_private_key",
      "name": "pk",
      "provider": "provider[\"registry.opentofu.org/hashicorp/tls\"]",
      "instances": [
        {
          "schema_version": 1,
          "attributes": {
            "algorithm": "RSA",
            "ecdsa_curve": "P224",
            "id": "889cc0d9fecf3678020195882f428f6da29cf03e",
            "private_key_openssh": "-----BEGIN OPENSSH PRIVATE KEY-----\nb3BlbnNzaC1rZXktdjEAAAAABG5vbmUAAAAEbm9uZQAAAAAAAAABAAABFwAAAAdz\nc2gtcnNhAAAAAwEAAQAAAQEAtdA6XxJ492/Bj8ooWAq+FDsR8B8Q54f0MbVA9cve\nc23oVdyahu7HzPpzMAigdQAf64sCyjEAYAYCHgwyQmQzvqw95RRieI9G3wed2mkp\n+pBSiM1kFvHeb7U19jgmFzQi69KG9NDcBM1QrnsjVekv22EoOmWRoIlE5CDXJgE0\nqlargVWLWLcBsJV/jKnFoRG7KPCLtH0mPyx2HQIBssbHljcr6Nhh1tplHnu60OBM\nat6j13bPXivvLSXTCX9MhFMklm0skZsAi0uTSqofgIXG6yojN3ludLSs3WsCYZcX\npFFJPFrk5LHXBv7DgJWjk+8pgf5xR267Z1pk0ZSyI4dd6wAAA7ihyFJDochSQwAA\nAAdzc2gtcnNhAAABAQC10DpfEnj3b8GPyihYCr4UOxHwHxDnh/QxtUD1y95zbehV\n3JqG7sfM+nMwCKB1AB/riwLKMQBgBgIeDDJCZDO+rD3lFGJ4j0bfB53aaSn6kFKI\nzWQW8d5vtTX2OCYXNCLr0ob00NwEzVCueyNV6S/bYSg6ZZGgiUTkINcmATSqVquB\nVYtYtwGwlX+MqcWhEbso8Iu0fSY/LHYdAgGyxseWNyvo2GHW2mUee7rQ4Exq3qPX\nds9eK+8tJdMJf0yEUySWbSyRmwCLS5NKqh+AhcbrKiM3eW50tKzdawJhlxekUUk8\nWuTksdcG/sOAlaOT7ymB/nFHbrtnWmTRlLIjh13rAAAAAwEAAQAAAQBEXtKkj+jH\ne9I5RVdYjGmgZ/o95yDPQJP24WdVR14W4DzflP7TQRYHoiMQ7B2TAgH+7J6W9Ehk\n072WGRYJW28OA+2eqMTC+3Y2RsH4sVVk8ULoSPybmEcCkQ2C0uiYDzYWomu3wpcK\ngz8U7h+CnhcuE2IyW6Gg0h4C/8qIcymf6CcaX5dMlpWETPUh6W/XALhNqoYf4QtE\nnKFf5/jEdcj1XeUgWLoh/kgJVl0aTNIiOItHk6PzUGDfVwzXTyUG0ua4Jq9ZP4EI\nR62Oy9Sy43T8HxbPCNtezaFAAcGvqL3eKp6xHlPVdJYi+LBRW8Hqs5s+9zSeu2/0\nRgX8x6gKkeiZAAAAgB1BcENHB2T/nYT30tC/SNG6o4yhFkEvbWNhjx0pFU6q2uZR\n+nUETUMl+s25JJb/zV5Rheru1aWD8xs6N9+Ixk9ahSBG6shctjnDdvHwuxxE1LFO\naERCUZSRqhl1vREGf8/740qk+8wbwgodLpvL/7FSAX248GDJn3Gz0eI9iMR1AAAA\ngQDJCDK0oq9nAQe9WiGsdWUtjRNFO12DMQeDcw8ovBuE6P3z1TJXT1h2aJC2Q498\nyjURLQCHYnf4io0a80zAXvxaqnfY4SxSJpBXRUUpg0o7MCXhjNIZuzj7RUDZHd7X\nhWcx3cPxj1vc1AxDjaLrleiwTPpBLVHkF7gYbE9McXzWrwAAAIEA54bEhgozauoy\nWBR8LRGIhAcOBqiVE5YuHB1kSE1+DLjuhxzdJFBjHMh8mrzuykG+p4MoFB5vdLYQ\nRFhtphrD6goRRkTsWKhDd95ylYtNBNfCEWz/NHw6Yw7qIBvbwobDe39SClK5Zn5K\nJYPSY9P1+okzzvrAj853Mq2dBIdGu4UAAAAAAQID\n-----END OPENSSH PRIVATE KEY-----\n",
            "private_key_pem": "-----BEGIN RSA PRIVATE KEY-----\nMIIEowIBAAKCAQEAtdA6XxJ492/Bj8ooWAq+FDsR8B8Q54f0MbVA9cvec23oVdya\nhu7HzPpzMAigdQAf64sCyjEAYAYCHgwyQmQzvqw95RRieI9G3wed2mkp+pBSiM1k\nFvHeb7U19jgmFzQi69KG9NDcBM1QrnsjVekv22EoOmWRoIlE5CDXJgE0qlargVWL\nWLcBsJV/jKnFoRG7KPCLtH0mPyx2HQIBssbHljcr6Nhh1tplHnu60OBMat6j13bP\nXivvLSXTCX9MhFMklm0skZsAi0uTSqofgIXG6yojN3ludLSs3WsCYZcXpFFJPFrk\n5LHXBv7DgJWjk+8pgf5xR267Z1pk0ZSyI4dd6wIDAQABAoIBAERe0qSP6Md70jlF\nV1iMaaBn+j3nIM9Ak/bhZ1VHXhbgPN+U/tNBFgeiIxDsHZMCAf7snpb0SGTTvZYZ\nFglbbw4D7Z6oxML7djZGwfixVWTxQuhI/JuYRwKRDYLS6JgPNhaia7fClwqDPxTu\nH4KeFy4TYjJboaDSHgL/yohzKZ/oJxpfl0yWlYRM9SHpb9cAuE2qhh/hC0ScoV/n\n+MR1yPVd5SBYuiH+SAlWXRpM0iI4i0eTo/NQYN9XDNdPJQbS5rgmr1k/gQhHrY7L\n1LLjdPwfFs8I217NoUABwa+ovd4qnrEeU9V0liL4sFFbweqzmz73NJ67b/RGBfzH\nqAqR6JkCgYEAyQgytKKvZwEHvVohrHVlLY0TRTtdgzEHg3MPKLwbhOj989UyV09Y\ndmiQtkOPfMo1ES0Ah2J3+IqNGvNMwF78Wqp32OEsUiaQV0VFKYNKOzAl4YzSGbs4\n+0VA2R3e14VnMd3D8Y9b3NQMQ42i65XosEz6QS1R5Be4GGxPTHF81q8CgYEA54bE\nhgozauoyWBR8LRGIhAcOBqiVE5YuHB1kSE1+DLjuhxzdJFBjHMh8mrzuykG+p4Mo\nFB5vdLYQRFhtphrD6goRRkTsWKhDd95ylYtNBNfCEWz/NHw6Yw7qIBvbwobDe39S\nClK5Zn5KJYPSY9P1+okzzvrAj853Mq2dBIdGu4UCgYAjthsbz5KNH7e6QVqeAjS5\nBMiZkdQoy/rjtPrKZ7ATyjfiqsrIi8XRMv4SAqpoppsKtA3V/v4E3sf2M6Y8viLi\nEEo98rIm3cbiWeHRYAs9vG3eRV/FRmb26/R7HT1K193fE+AM90SAVALhtTVt2DF/\nsAz8qwpTFIuVexgTIk3k7QKBgQDGaCVNwLwjaSNPe+6WKKpWij0o05s9N7u3+DAS\nDeZxPKGcQ8326rSk2+J8MGBqD0E1CB52b0aQO91g1G7So6k0jQAUucfYigmXVZfY\nM5IDDmqOyFtDPRpD/WoBrh37a8Vltcw2cIHVJXChCYBocCIhWyZ8v0H5erOHSGSA\nlvS0iQKBgB1BcENHB2T/nYT30tC/SNG6o4yhFkEvbWNhjx0pFU6q2uZR+nUETUMl\n+s25JJb/zV5Rheru1aWD8xs6N9+Ixk9ahSBG6shctjnDdvHwuxxE1LFOaERCUZSR\nqhl1vREGf8/740qk+8wbwgodLpvL/7FSAX248GDJn3Gz0eI9iMR1\n-----END RSA PRIVATE KEY-----\n",
            "private_key_pem_pkcs8": "-----BEGIN PRIVATE KEY-----\nMIIEvQIBADANBgkqhkiG9w0BAQEFAASCBKcwggSjAgEAAoIBAQC10DpfEnj3b8GP\nyihYCr4UOxHwHxDnh/QxtUD1y95zbehV3JqG7sfM+nMwCKB1AB/riwLKMQBgBgIe\nDDJCZDO+rD3lFGJ4j0bfB53aaSn6kFKIzWQW8d5vtTX2OCYXNCLr0ob00NwEzVCu\neyNV6S/bYSg6ZZGgiUTkINcmATSqVquBVYtYtwGwlX+MqcWhEbso8Iu0fSY/LHYd\nAgGyxseWNyvo2GHW2mUee7rQ4Exq3qPXds9eK+8tJdMJf0yEUySWbSyRmwCLS5NK\nqh+AhcbrKiM3eW50tKzdawJhlxekUUk8WuTksdcG/sOAlaOT7ymB/nFHbrtnWmTR\nlLIjh13rAgMBAAECggEARF7SpI/ox3vSOUVXWIxpoGf6Pecgz0CT9uFnVUdeFuA8\n35T+00EWB6IjEOwdkwIB/uyelvRIZNO9lhkWCVtvDgPtnqjEwvt2NkbB+LFVZPFC\n6Ej8m5hHApENgtLomA82FqJrt8KXCoM/FO4fgp4XLhNiMluhoNIeAv/KiHMpn+gn\nGl+XTJaVhEz1Ielv1wC4TaqGH+ELRJyhX+f4xHXI9V3lIFi6If5ICVZdGkzSIjiL\nR5Oj81Bg31cM108lBtLmuCavWT+BCEetjsvUsuN0/B8WzwjbXs2hQAHBr6i93iqe\nsR5T1XSWIviwUVvB6rObPvc0nrtv9EYF/MeoCpHomQKBgQDJCDK0oq9nAQe9WiGs\ndWUtjRNFO12DMQeDcw8ovBuE6P3z1TJXT1h2aJC2Q498yjURLQCHYnf4io0a80zA\nXvxaqnfY4SxSJpBXRUUpg0o7MCXhjNIZuzj7RUDZHd7XhWcx3cPxj1vc1AxDjaLr\nleiwTPpBLVHkF7gYbE9McXzWrwKBgQDnhsSGCjNq6jJYFHwtEYiEBw4GqJUTli4c\nHWRITX4MuO6HHN0kUGMcyHyavO7KQb6ngygUHm90thBEWG2mGsPqChFGROxYqEN3\n3nKVi00E18IRbP80fDpjDuogG9vChsN7f1IKUrlmfkolg9Jj0/X6iTPO+sCPzncy\nrZ0Eh0a7hQKBgCO2GxvPko0ft7pBWp4CNLkEyJmR1CjL+uO0+spnsBPKN+KqysiL\nxdEy/hICqmimmwq0DdX+/gTex/Yzpjy+IuIQSj3ysibdxuJZ4dFgCz28bd5FX8VG\nZvbr9HsdPUrX3d8T4Az3RIBUAuG1NW3YMX+wDPyrClMUi5V7GBMiTeTtAoGBAMZo\nJU3AvCNpI0977pYoqlaKPSjTmz03u7f4MBIN5nE8oZxDzfbqtKTb4nwwYGoPQTUI\nHnZvRpA73WDUbtKjqTSNABS5x9iKCZdVl9gzkgMOao7IW0M9GkP9agGuHftrxWW1\nzDZwgdUlcKEJgGhwIiFbJny/Qfl6s4dIZICW9LSJAoGAHUFwQ0cHZP+dhPfS0L9I\n0bqjjKEWQS9tY2GPHSkVTqra5lH6dQRNQyX6zbkklv/NXlGF6u7VpYPzGzo334jG\nT1qFIEbqyFy2OcN28fC7HETUsU5oREJRlJGqGXW9EQZ/z/vjSqT7zBvCCh0um8v/\nsVIBfbjwYMmfcbPR4j2IxHU=\n-----END PRIVATE KEY-----\n",
            "public_key_fingerprint_md5": "3f:98:b9:2f:87:96:fd:5b:7f:4c:59:14:35:04:67:89",
            "public_key_fingerprint_sha256": "SHA256:QhhXv15Fsb6H/B0i7ucD7n72K0XkfJtXl7fBl2LFHng",
            "public_key_openssh": "ssh-rsa AAAAB3NzaC1yc2EAAAADAQABAAABAQC10DpfEnj3b8GPyihYCr4UOxHwHxDnh/QxtUD1y95zbehV3JqG7sfM+nMwCKB1AB/riwLKMQBgBgIeDDJCZDO+rD3lFGJ4j0bfB53aaSn6kFKIzWQW8d5vtTX2OCYXNCLr0ob00NwEzVCueyNV6S/bYSg6ZZGgiUTkINcmATSqVquBVYtYtwGwlX+MqcWhEbso8Iu0fSY/LHYdAgGyxseWNyvo2GHW2mUee7rQ4Exq3qPXds9eK+8tJdMJf0yEUySWbSyRmwCLS5NKqh+AhcbrKiM3eW50tKzdawJhlxekUUk8WuTksdcG/sOAlaOT7ymB/nFHbrtnWmTRlLIjh13r\n",
            "public_key_pem": "-----BEGIN PUBLIC KEY-----\nMIIBIjANBgkqhkiG9w0BAQEFAAOCAQ8AMIIBCgKCAQEAtdA6XxJ492/Bj8ooWAq+\nFDsR8B8Q54f0MbVA9cvec23oVdyahu7HzPpzMAigdQAf64sCyjEAYAYCHgwyQmQz\nvqw95RRieI9G3wed2mkp+pBSiM1kFvHeb7U19jgmFzQi69KG9NDcBM1QrnsjVekv\n22EoOmWRoIlE5CDXJgE0qlargVWLWLcBsJV/jKnFoRG7KPCLtH0mPyx2HQIBssbH\nljcr6Nhh1tplHnu60OBMat6j13bPXivvLSXTCX9MhFMklm0skZsAi0uTSqofgIXG\n6yojN3ludLSs3WsCYZcXpFFJPFrk5LHXBv7DgJWjk+8pgf5xR267Z1pk0ZSyI4dd\n6wIDAQAB\n-----END PUBLIC KEY-----\n",
            "rsa_bits": 2048
          },
          "sensitive_attributes": []
        }
      ]
    },
    {
      "module": "module.ec2_instances[\"cloud9\"]",
      "mode": "data",
      "type": "aws_iam_policy_document",
      "name": "assume_role_policy",
      "provider": "provider[\"registry.opentofu.org/hashicorp/aws\"]",
      "instances": []
    },
    {
      "module": "module.ec2_instances[\"cloud9\"]",
      "mode": "data",
      "type": "aws_partition",
      "name": "current",
      "provider": "provider[\"registry.opentofu.org/hashicorp/aws\"]",
      "instances": [
        {
          "schema_version": 0,
          "attributes": {
            "dns_suffix": "amazonaws.com",
            "id": "aws",
            "partition": "aws",
            "reverse_dns_prefix": "com.amazonaws"
          },
          "sensitive_attributes": []
        }
      ]
    },
    {
      "module": "module.ec2_instances[\"cloud9\"]",
      "mode": "data",
      "type": "aws_ssm_parameter",
      "name": "this",
      "provider": "provider[\"registry.opentofu.org/hashicorp/aws\"]",
      "instances": []
    },
    {
      "module": "module.ec2_instances[\"cloud9\"]",
      "mode": "managed",
      "type": "aws_iam_instance_profile",
      "name": "this",
      "provider": "provider[\"registry.opentofu.org/hashicorp/aws\"]",
      "instances": []
    },
    {
      "module": "module.ec2_instances[\"cloud9\"]",
      "mode": "managed",
      "type": "aws_iam_role",
      "name": "this",
      "provider": "provider[\"registry.opentofu.org/hashicorp/aws\"]",
      "instances": []
    },
    {
      "module": "module.ec2_instances[\"cloud9\"]",
      "mode": "managed",
      "type": "aws_instance",
      "name": "this",
      "provider": "provider[\"registry.opentofu.org/hashicorp/aws\"]",
      "instances": [
        {
          "index_key": 0,
          "schema_version": 1,
          "attributes": {
            "ami": "ami-0793a9d76284434e5",
            "arn": "arn:aws:ec2:eu-central-1:851725263660:instance/i-0a9adcbe69c312836",
            "associate_public_ip_address": true,
            "availability_zone": "eu-central-1c",
            "capacity_reservation_specification": [
              {
                "capacity_reservation_preference": "open",
                "capacity_reservation_target": []
              }
            ],
            "cpu_core_count": 1,
            "cpu_options": [
              {
                "amd_sev_snp": "",
                "core_count": 1,
                "threads_per_core": 2
              }
            ],
            "cpu_threads_per_core": 2,
            "credit_specification": [
              {
                "cpu_credits": "unlimited"
              }
            ],
            "disable_api_stop": false,
            "disable_api_termination": false,
            "ebs_block_device": [],
            "ebs_optimized": false,
            "enclave_options": [
              {
                "enabled": false
              }
            ],
            "ephemeral_block_device": [],
            "get_password_data": false,
            "hibernation": false,
            "host_id": "",
            "host_resource_group_arn": null,
            "iam_instance_profile": "",
            "id": "i-0a9adcbe69c312836",
            "instance_initiated_shutdown_behavior": "stop",
            "instance_lifecycle": "",
            "instance_market_options": [],
            "instance_state": "running",
            "instance_type": "t3.medium",
            "ipv6_address_count": 0,
            "ipv6_addresses": [],
            "key_name": "unir_key",
            "launch_template": [],
            "maintenance_options": [
              {
                "auto_recovery": "default"
              }
            ],
            "metadata_options": [
              {
                "http_endpoint": "enabled",
                "http_protocol_ipv6": "disabled",
                "http_put_response_hop_limit": 1,
                "http_tokens": "optional",
                "instance_metadata_tags": "disabled"
              }
            ],
            "monitoring": false,
            "network_interface": [],
            "outpost_arn": "",
            "password_data": "",
            "placement_group": "",
            "placement_partition_number": 0,
            "primary_network_interface_id": "eni-00256cf5639e5252f",
            "private_dns": "ip-10-153-10-247.eu-central-1.compute.internal",
            "private_dns_name_options": [
              {
                "enable_resource_name_dns_a_record": false,
                "enable_resource_name_dns_aaaa_record": false,
                "hostname_type": "ip-name"
              }
            ],
            "private_ip": "10.153.10.247",
            "public_dns": "ec2-3-65-11-124.eu-central-1.compute.amazonaws.com",
            "public_ip": "3.65.11.124",
            "root_block_device": [
              {
                "delete_on_termination": true,
                "device_name": "/dev/sda1",
                "encrypted": true,
                "iops": 100,
                "kms_key_id": "arn:aws:kms:eu-central-1:851725263660:key/4fcf07d2-9acc-45d8-9e0a-7b8b52f90bea",
                "tags": {},
                "tags_all": {},
                "throughput": 0,
                "volume_id": "vol-0c94c7efe9486c9e1",
                "volume_size": 20,
                "volume_type": "gp2"
              }
            ],
            "secondary_private_ips": [],
            "security_groups": [],
            "source_dest_check": true,
            "spot_instance_request_id": "",
            "subnet_id": "subnet-02c0ae1e31c749564",
            "tags": {
              "Name": "cloud9",
              "environment": "unir",
              "scheduled": "workdays",
              "terraform": "true"
            },
            "tags_all": {
              "Name": "cloud9",
              "environment": "unir",
              "scheduled": "workdays",
              "terraform": "true"
            },
            "tenancy": "default",
            "timeouts": {
              "create": null,
              "delete": null,
              "read": null,
              "update": null
            },
            "user_data": "d50e668d749936c440f04828ddcad96512b2b81b",
            "user_data_base64": null,
            "user_data_replace_on_change": false,
            "volume_tags": {
              "Name": "cloud9"
            },
            "vpc_security_group_ids": [
              "sg-06abd86bcf84971ed"
            ]
          },
          "sensitive_attributes": [],
          "private": "eyJlMmJmYjczMC1lY2FhLTExZTYtOGY4OC0zNDM2M2JjN2M0YzAiOnsiY3JlYXRlIjo2MDAwMDAwMDAwMDAsImRlbGV0ZSI6MTIwMDAwMDAwMDAwMCwicmVhZCI6OTAwMDAwMDAwMDAwLCJ1cGRhdGUiOjYwMDAwMDAwMDAwMH0sInNjaGVtYV92ZXJzaW9uIjoiMSJ9",
          "dependencies": [
            "aws_key_pair.kp",
            "aws_security_group.sgs",
            "module.ec2_instances.aws_iam_instance_profile.this",
            "module.ec2_instances.aws_iam_role.this",
            "module.ec2_instances.data.aws_iam_policy_document.assume_role_policy",
            "module.ec2_instances.data.aws_partition.current",
            "module.ec2_instances.data.aws_ssm_parameter.this",
            "module.network.aws_subnet.private",
            "module.network.aws_subnet.public",
            "module.network.aws_vpc.this",
            "module.network.aws_vpc_ipv4_cidr_block_association.this",
            "tls_private_key.pk"
          ]
        }
      ]
    },
    {
      "module": "module.ec2_instances[\"slave1\"]",
      "mode": "data",
      "type": "aws_iam_policy_document",
      "name": "assume_role_policy",
      "provider": "provider[\"registry.opentofu.org/hashicorp/aws\"]",
      "instances": []
    },
    {
      "module": "module.ec2_instances[\"slave1\"]",
      "mode": "data",
      "type": "aws_partition",
      "name": "current",
      "provider": "provider[\"registry.opentofu.org/hashicorp/aws\"]",
      "instances": [
        {
          "schema_version": 0,
          "attributes": {
            "dns_suffix": "amazonaws.com",
            "id": "aws",
            "partition": "aws",
            "reverse_dns_prefix": "com.amazonaws"
          },
          "sensitive_attributes": []
        }
      ]
    },
    {
      "module": "module.ec2_instances[\"slave1\"]",
      "mode": "data",
      "type": "aws_ssm_parameter",
      "name": "this",
      "provider": "provider[\"registry.opentofu.org/hashicorp/aws\"]",
      "instances": []
    },
    {
      "module": "module.ec2_instances[\"slave1\"]",
      "mode": "managed",
      "type": "aws_iam_instance_profile",
      "name": "this",
      "provider": "provider[\"registry.opentofu.org/hashicorp/aws\"]",
      "instances": []
    },
    {
      "module": "module.ec2_instances[\"slave1\"]",
      "mode": "managed",
      "type": "aws_iam_role",
      "name": "this",
      "provider": "provider[\"registry.opentofu.org/hashicorp/aws\"]",
      "instances": []
    },
    {
      "module": "module.ec2_instances[\"slave1\"]",
      "mode": "managed",
      "type": "aws_instance",
      "name": "this",
      "provider": "provider[\"registry.opentofu.org/hashicorp/aws\"]",
      "instances": [
        {
          "index_key": 0,
          "schema_version": 1,
          "attributes": {
            "ami": "ami-0793a9d76284434e5",
            "arn": "arn:aws:ec2:eu-central-1:851725263660:instance/i-09cf7cb7003bc69d0",
            "associate_public_ip_address": true,
            "availability_zone": "eu-central-1c",
            "capacity_reservation_specification": [
              {
                "capacity_reservation_preference": "open",
                "capacity_reservation_target": []
              }
            ],
            "cpu_core_count": 1,
            "cpu_options": [
              {
                "amd_sev_snp": "",
                "core_count": 1,
                "threads_per_core": 2
              }
            ],
            "cpu_threads_per_core": 2,
            "credit_specification": [
              {
                "cpu_credits": "unlimited"
              }
            ],
            "disable_api_stop": false,
            "disable_api_termination": false,
            "ebs_block_device": [],
            "ebs_optimized": false,
            "enclave_options": [
              {
                "enabled": false
              }
            ],
            "ephemeral_block_device": [],
            "get_password_data": false,
            "hibernation": false,
            "host_id": "",
            "host_resource_group_arn": null,
            "iam_instance_profile": "",
            "id": "i-09cf7cb7003bc69d0",
            "instance_initiated_shutdown_behavior": "stop",
            "instance_lifecycle": "",
            "instance_market_options": [],
            "instance_state": "running",
            "instance_type": "t3.small",
            "ipv6_address_count": 0,
            "ipv6_addresses": [],
            "key_name": "unir_key",
            "launch_template": [],
            "maintenance_options": [
              {
                "auto_recovery": "default"
              }
            ],
            "metadata_options": [
              {
                "http_endpoint": "enabled",
                "http_protocol_ipv6": "disabled",
                "http_put_response_hop_limit": 1,
                "http_tokens": "optional",
                "instance_metadata_tags": "disabled"
              }
            ],
            "monitoring": false,
            "network_interface": [],
            "outpost_arn": "",
            "password_data": "",
            "placement_group": "",
            "placement_partition_number": 0,
            "primary_network_interface_id": "eni-07dc02afee9c791d0",
            "private_dns": "ip-10-153-10-105.eu-central-1.compute.internal",
            "private_dns_name_options": [
              {
                "enable_resource_name_dns_a_record": false,
                "enable_resource_name_dns_aaaa_record": false,
                "hostname_type": "ip-name"
              }
            ],
            "private_ip": "10.153.10.105",
            "public_dns": "ec2-3-76-120-4.eu-central-1.compute.amazonaws.com",
            "public_ip": "3.76.120.4",
            "root_block_device": [
              {
                "delete_on_termination": true,
                "device_name": "/dev/sda1",
                "encrypted": true,
                "iops": 100,
                "kms_key_id": "arn:aws:kms:eu-central-1:851725263660:key/4fcf07d2-9acc-45d8-9e0a-7b8b52f90bea",
                "tags": {},
                "tags_all": {},
                "throughput": 0,
                "volume_id": "vol-099735dfbc6138391",
                "volume_size": 20,
                "volume_type": "gp2"
              }
            ],
            "secondary_private_ips": [],
            "security_groups": [],
            "source_dest_check": true,
            "spot_instance_request_id": "",
            "subnet_id": "subnet-02c0ae1e31c749564",
            "tags": {
              "Name": "slave1",
              "environment": "unir",
              "scheduled": "workdays",
              "terraform": "true"
            },
            "tags_all": {
              "Name": "slave1",
              "environment": "unir",
              "scheduled": "workdays",
              "terraform": "true"
            },
            "tenancy": "default",
            "timeouts": {
              "create": null,
              "delete": null,
              "read": null,
              "update": null
            },
            "user_data": "f4846c898e86c1bb299f493d11d5ce36de7d92ad",
            "user_data_base64": null,
            "user_data_replace_on_change": false,
            "volume_tags": {
              "Name": "slave1"
            },
            "vpc_security_group_ids": [
              "sg-06abd86bcf84971ed"
            ]
          },
          "sensitive_attributes": [],
          "private": "eyJlMmJmYjczMC1lY2FhLTExZTYtOGY4OC0zNDM2M2JjN2M0YzAiOnsiY3JlYXRlIjo2MDAwMDAwMDAwMDAsImRlbGV0ZSI6MTIwMDAwMDAwMDAwMCwicmVhZCI6OTAwMDAwMDAwMDAwLCJ1cGRhdGUiOjYwMDAwMDAwMDAwMH0sInNjaGVtYV92ZXJzaW9uIjoiMSJ9",
          "dependencies": [
            "aws_key_pair.kp",
            "aws_security_group.sgs",
            "module.ec2_instances.aws_iam_instance_profile.this",
            "module.ec2_instances.aws_iam_role.this",
            "module.ec2_instances.data.aws_iam_policy_document.assume_role_policy",
            "module.ec2_instances.data.aws_partition.current",
            "module.ec2_instances.data.aws_ssm_parameter.this",
            "module.network.aws_subnet.private",
            "module.network.aws_subnet.public",
            "module.network.aws_vpc.this",
            "module.network.aws_vpc_ipv4_cidr_block_association.this",
            "tls_private_key.pk"
          ]
        }
      ]
    },
    {
      "module": "module.ec2_instances[\"slave2\"]",
      "mode": "data",
      "type": "aws_iam_policy_document",
      "name": "assume_role_policy",
      "provider": "provider[\"registry.opentofu.org/hashicorp/aws\"]",
      "instances": []
    },
    {
      "module": "module.ec2_instances[\"slave2\"]",
      "mode": "data",
      "type": "aws_partition",
      "name": "current",
      "provider": "provider[\"registry.opentofu.org/hashicorp/aws\"]",
      "instances": [
        {
          "schema_version": 0,
          "attributes": {
            "dns_suffix": "amazonaws.com",
            "id": "aws",
            "partition": "aws",
            "reverse_dns_prefix": "com.amazonaws"
          },
          "sensitive_attributes": []
        }
      ]
    },
    {
      "module": "module.ec2_instances[\"slave2\"]",
      "mode": "data",
      "type": "aws_ssm_parameter",
      "name": "this",
      "provider": "provider[\"registry.opentofu.org/hashicorp/aws\"]",
      "instances": []
    },
    {
      "module": "module.ec2_instances[\"slave2\"]",
      "mode": "managed",
      "type": "aws_iam_instance_profile",
      "name": "this",
      "provider": "provider[\"registry.opentofu.org/hashicorp/aws\"]",
      "instances": []
    },
    {
      "module": "module.ec2_instances[\"slave2\"]",
      "mode": "managed",
      "type": "aws_iam_role",
      "name": "this",
      "provider": "provider[\"registry.opentofu.org/hashicorp/aws\"]",
      "instances": []
    },
    {
      "module": "module.ec2_instances[\"slave2\"]",
      "mode": "managed",
      "type": "aws_instance",
      "name": "this",
      "provider": "provider[\"registry.opentofu.org/hashicorp/aws\"]",
      "instances": [
        {
          "index_key": 0,
          "schema_version": 1,
          "attributes": {
            "ami": "ami-0793a9d76284434e5",
            "arn": "arn:aws:ec2:eu-central-1:851725263660:instance/i-087f8e4000c32963d",
            "associate_public_ip_address": true,
            "availability_zone": "eu-central-1c",
            "capacity_reservation_specification": [
              {
                "capacity_reservation_preference": "open",
                "capacity_reservation_target": []
              }
            ],
            "cpu_core_count": 1,
            "cpu_options": [
              {
                "amd_sev_snp": "",
                "core_count": 1,
                "threads_per_core": 2
              }
            ],
            "cpu_threads_per_core": 2,
            "credit_specification": [
              {
                "cpu_credits": "unlimited"
              }
            ],
            "disable_api_stop": false,
            "disable_api_termination": false,
            "ebs_block_device": [],
            "ebs_optimized": false,
            "enclave_options": [
              {
                "enabled": false
              }
            ],
            "ephemeral_block_device": [],
            "get_password_data": false,
            "hibernation": false,
            "host_id": "",
            "host_resource_group_arn": null,
            "iam_instance_profile": "",
            "id": "i-087f8e4000c32963d",
            "instance_initiated_shutdown_behavior": "stop",
            "instance_lifecycle": "",
            "instance_market_options": [],
            "instance_state": "running",
            "instance_type": "t3.small",
            "ipv6_address_count": 0,
            "ipv6_addresses": [],
            "key_name": "unir_key",
            "launch_template": [],
            "maintenance_options": [
              {
                "auto_recovery": "default"
              }
            ],
            "metadata_options": [
              {
                "http_endpoint": "enabled",
                "http_protocol_ipv6": "disabled",
                "http_put_response_hop_limit": 1,
                "http_tokens": "optional",
                "instance_metadata_tags": "disabled"
              }
            ],
            "monitoring": false,
            "network_interface": [],
            "outpost_arn": "",
            "password_data": "",
            "placement_group": "",
            "placement_partition_number": 0,
            "primary_network_interface_id": "eni-0114b0be0a8a536cf",
            "private_dns": "ip-10-153-10-29.eu-central-1.compute.internal",
            "private_dns_name_options": [
              {
                "enable_resource_name_dns_a_record": false,
                "enable_resource_name_dns_aaaa_record": false,
                "hostname_type": "ip-name"
              }
            ],
            "private_ip": "10.153.10.29",
            "public_dns": "ec2-3-69-148-65.eu-central-1.compute.amazonaws.com",
            "public_ip": "3.69.148.65",
            "root_block_device": [
              {
                "delete_on_termination": true,
                "device_name": "/dev/sda1",
                "encrypted": true,
                "iops": 100,
                "kms_key_id": "arn:aws:kms:eu-central-1:851725263660:key/4fcf07d2-9acc-45d8-9e0a-7b8b52f90bea",
                "tags": {},
                "tags_all": {},
                "throughput": 0,
                "volume_id": "vol-0c05421992cff8c9b",
                "volume_size": 20,
                "volume_type": "gp2"
              }
            ],
            "secondary_private_ips": [],
            "security_groups": [],
            "source_dest_check": true,
            "spot_instance_request_id": "",
            "subnet_id": "subnet-02c0ae1e31c749564",
            "tags": {
              "Name": "slave2",
              "environment": "unir",
              "scheduled": "workdays",
              "terraform": "true"
            },
            "tags_all": {
              "Name": "slave2",
              "environment": "unir",
              "scheduled": "workdays",
              "terraform": "true"
            },
            "tenancy": "default",
            "timeouts": {
              "create": null,
              "delete": null,
              "read": null,
              "update": null
            },
            "user_data": "f4846c898e86c1bb299f493d11d5ce36de7d92ad",
            "user_data_base64": null,
            "user_data_replace_on_change": false,
            "volume_tags": {
              "Name": "slave2"
            },
            "vpc_security_group_ids": [
              "sg-06abd86bcf84971ed"
            ]
          },
          "sensitive_attributes": [],
          "private": "eyJlMmJmYjczMC1lY2FhLTExZTYtOGY4OC0zNDM2M2JjN2M0YzAiOnsiY3JlYXRlIjo2MDAwMDAwMDAwMDAsImRlbGV0ZSI6MTIwMDAwMDAwMDAwMCwicmVhZCI6OTAwMDAwMDAwMDAwLCJ1cGRhdGUiOjYwMDAwMDAwMDAwMH0sInNjaGVtYV92ZXJzaW9uIjoiMSJ9",
          "dependencies": [
            "aws_key_pair.kp",
            "aws_security_group.sgs",
            "module.ec2_instances.aws_iam_instance_profile.this",
            "module.ec2_instances.aws_iam_role.this",
            "module.ec2_instances.data.aws_iam_policy_document.assume_role_policy",
            "module.ec2_instances.data.aws_partition.current",
            "module.ec2_instances.data.aws_ssm_parameter.this",
            "module.network.aws_subnet.private",
            "module.network.aws_subnet.public",
            "module.network.aws_vpc.this",
            "module.network.aws_vpc_ipv4_cidr_block_association.this",
            "tls_private_key.pk"
          ]
        }
      ]
    },
    {
      "module": "module.network",
      "mode": "managed",
      "type": "aws_default_network_acl",
      "name": "this",
      "provider": "provider[\"registry.opentofu.org/hashicorp/aws\"]",
      "instances": [
        {
          "index_key": 0,
          "schema_version": 0,
          "attributes": {
            "arn": "arn:aws:ec2:eu-central-1:851725263660:network-acl/acl-05301e7f9c63950d0",
            "default_network_acl_id": "acl-05301e7f9c63950d0",
            "egress": [
              {
                "action": "allow",
                "cidr_block": "",
                "from_port": 0,
                "icmp_code": 0,
                "icmp_type": 0,
                "ipv6_cidr_block": "::/0",
                "protocol": "-1",
                "rule_no": 101,
                "to_port": 0
              },
              {
                "action": "allow",
                "cidr_block": "0.0.0.0/0",
                "from_port": 0,
                "icmp_code": 0,
                "icmp_type": 0,
                "ipv6_cidr_block": "",
                "protocol": "-1",
                "rule_no": 100,
                "to_port": 0
              }
            ],
            "id": "acl-05301e7f9c63950d0",
            "ingress": [
              {
                "action": "allow",
                "cidr_block": "",
                "from_port": 0,
                "icmp_code": 0,
                "icmp_type": 0,
                "ipv6_cidr_block": "::/0",
                "protocol": "-1",
                "rule_no": 101,
                "to_port": 0
              },
              {
                "action": "allow",
                "cidr_block": "0.0.0.0/0",
                "from_port": 0,
                "icmp_code": 0,
                "icmp_type": 0,
                "ipv6_cidr_block": "",
                "protocol": "-1",
                "rule_no": 100,
                "to_port": 0
              }
            ],
            "owner_id": "851725263660",
            "subnet_ids": [
              "subnet-02c0ae1e31c749564",
              "subnet-0caa5ee24b28e4e09"
            ],
            "tags": {
              "Name": "vpc-unir-default"
            },
            "tags_all": {
              "Name": "vpc-unir-default"
            },
            "vpc_id": "vpc-04794989594da890f"
          },
          "sensitive_attributes": [],
          "private": "bnVsbA==",
          "dependencies": [
            "module.network.aws_vpc.this"
          ]
        }
      ]
    },
    {
      "module": "module.network",
      "mode": "managed",
      "type": "aws_default_route_table",
      "name": "default",
      "provider": "provider[\"registry.opentofu.org/hashicorp/aws\"]",
      "instances": [
        {
          "index_key": 0,
          "schema_version": 0,
          "attributes": {
            "arn": "arn:aws:ec2:eu-central-1:851725263660:route-table/rtb-08628a128b856673c",
            "default_route_table_id": "rtb-08628a128b856673c",
            "id": "rtb-08628a128b856673c",
            "owner_id": "851725263660",
            "propagating_vgws": [],
            "route": [],
            "tags": {
              "Name": "vpc-unir-default"
            },
            "tags_all": {
              "Name": "vpc-unir-default"
            },
            "timeouts": {
              "create": "5m",
              "update": "5m"
            },
            "vpc_id": "vpc-04794989594da890f"
          },
          "sensitive_attributes": [],
          "private": "eyJlMmJmYjczMC1lY2FhLTExZTYtOGY4OC0zNDM2M2JjN2M0YzAiOnsiY3JlYXRlIjozMDAwMDAwMDAwMDAsInVwZGF0ZSI6MzAwMDAwMDAwMDAwfX0=",
          "dependencies": [
            "module.network.aws_vpc.this"
          ]
        }
      ]
    },
    {
      "module": "module.network",
      "mode": "managed",
      "type": "aws_default_security_group",
      "name": "this",
      "provider": "provider[\"registry.opentofu.org/hashicorp/aws\"]",
      "instances": [
        {
          "index_key": 0,
          "schema_version": 1,
          "attributes": {
            "arn": "arn:aws:ec2:eu-central-1:851725263660:security-group/sg-02b6546f23896b95e",
            "description": "default VPC security group",
            "egress": [],
            "id": "sg-02b6546f23896b95e",
            "ingress": [],
            "name": "default",
            "name_prefix": "",
            "owner_id": "851725263660",
            "revoke_rules_on_delete": false,
            "tags": {
              "Name": "vpc-unir-default"
            },
            "tags_all": {
              "Name": "vpc-unir-default"
            },
            "vpc_id": "vpc-04794989594da890f"
          },
          "sensitive_attributes": [],
          "private": "eyJzY2hlbWFfdmVyc2lvbiI6IjEifQ==",
          "dependencies": [
            "module.network.aws_vpc.this"
          ]
        }
      ]
    },
    {
      "module": "module.network",
      "mode": "managed",
      "type": "aws_internet_gateway",
      "name": "this",
      "provider": "provider[\"registry.opentofu.org/hashicorp/aws\"]",
      "instances": [
        {
          "index_key": 0,
          "schema_version": 0,
          "attributes": {
            "arn": "arn:aws:ec2:eu-central-1:851725263660:internet-gateway/igw-02f11c45a4a805a54",
            "id": "igw-02f11c45a4a805a54",
            "owner_id": "851725263660",
            "tags": {
              "Name": "vpc-unir"
            },
            "tags_all": {
              "Name": "vpc-unir"
            },
            "timeouts": null,
            "vpc_id": "vpc-04794989594da890f"
          },
          "sensitive_attributes": [],
          "private": "eyJlMmJmYjczMC1lY2FhLTExZTYtOGY4OC0zNDM2M2JjN2M0YzAiOnsiY3JlYXRlIjoxMjAwMDAwMDAwMDAwLCJkZWxldGUiOjEyMDAwMDAwMDAwMDAsInVwZGF0ZSI6MTIwMDAwMDAwMDAwMH19",
          "dependencies": [
            "module.network.aws_vpc.this",
            "module.network.aws_vpc_ipv4_cidr_block_association.this"
          ]
        }
      ]
    },
    {
      "module": "module.network",
      "mode": "managed",
      "type": "aws_nat_gateway",
      "name": "this",
      "provider": "provider[\"registry.opentofu.org/hashicorp/aws\"]",
      "instances": [
        {
          "index_key": 0,
          "schema_version": 0,
          "attributes": {
            "allocation_id": "eipalloc-0edbafb279709d9a8",
            "association_id": "eipassoc-0a21e4cfb5d298156",
            "connectivity_type": "public",
            "id": "nat-07227650f9175cb55",
            "network_interface_id": "eni-0abb8c7ca1508bc1c",
            "private_ip": "10.153.10.206",
            "public_ip": "18.184.238.142",
            "secondary_allocation_ids": [],
            "secondary_private_ip_address_count": 0,
            "secondary_private_ip_addresses": [],
            "subnet_id": "subnet-02c0ae1e31c749564",
            "tags": {
              "Name": "vpc-unir-eu-central-1c"
            },
            "tags_all": {
              "Name": "vpc-unir-eu-central-1c"
            },
            "timeouts": null
          },
          "sensitive_attributes": [],
          "private": "eyJlMmJmYjczMC1lY2FhLTExZTYtOGY4OC0zNDM2M2JjN2M0YzAiOnsiY3JlYXRlIjo2MDAwMDAwMDAwMDAsImRlbGV0ZSI6MTgwMDAwMDAwMDAwMCwidXBkYXRlIjo2MDAwMDAwMDAwMDB9fQ==",
          "dependencies": [
            "aws_eip.nat",
            "module.network.aws_eip.nat",
            "module.network.aws_internet_gateway.this",
            "module.network.aws_subnet.public",
            "module.network.aws_vpc.this",
            "module.network.aws_vpc_ipv4_cidr_block_association.this"
          ]
        }
      ]
    },
    {
      "module": "module.network",
      "mode": "managed",
      "type": "aws_route",
      "name": "private_nat_gateway",
      "provider": "provider[\"registry.opentofu.org/hashicorp/aws\"]",
      "instances": [
        {
          "index_key": 0,
          "schema_version": 0,
          "attributes": {
            "carrier_gateway_id": "",
            "core_network_arn": "",
            "destination_cidr_block": "0.0.0.0/0",
            "destination_ipv6_cidr_block": "",
            "destination_prefix_list_id": "",
            "egress_only_gateway_id": "",
            "gateway_id": "",
            "id": "r-rtb-06edfabfc0f7f49bf1080289494",
            "instance_id": "",
            "instance_owner_id": "",
            "local_gateway_id": "",
            "nat_gateway_id": "nat-07227650f9175cb55",
            "network_interface_id": "",
            "origin": "CreateRoute",
            "route_table_id": "rtb-06edfabfc0f7f49bf",
            "state": "active",
            "timeouts": {
              "create": "5m",
              "delete": null,
              "update": null
            },
            "transit_gateway_id": "",
            "vpc_endpoint_id": "",
            "vpc_peering_connection_id": ""
          },
          "sensitive_attributes": [],
          "private": "eyJlMmJmYjczMC1lY2FhLTExZTYtOGY4OC0zNDM2M2JjN2M0YzAiOnsiY3JlYXRlIjozMDAwMDAwMDAwMDAsImRlbGV0ZSI6MzAwMDAwMDAwMDAwLCJ1cGRhdGUiOjEyMDAwMDAwMDAwMH19",
          "dependencies": [
            "aws_eip.nat",
            "module.network.aws_eip.nat",
            "module.network.aws_internet_gateway.this",
            "module.network.aws_nat_gateway.this",
            "module.network.aws_route_table.private",
            "module.network.aws_subnet.public",
            "module.network.aws_vpc.this",
            "module.network.aws_vpc_ipv4_cidr_block_association.this"
          ]
        }
      ]
    },
    {
      "module": "module.network",
      "mode": "managed",
      "type": "aws_route",
      "name": "public_internet_gateway",
      "provider": "provider[\"registry.opentofu.org/hashicorp/aws\"]",
      "instances": [
        {
          "index_key": 0,
          "schema_version": 0,
          "attributes": {
            "carrier_gateway_id": "",
            "core_network_arn": "",
            "destination_cidr_block": "0.0.0.0/0",
            "destination_ipv6_cidr_block": "",
            "destination_prefix_list_id": "",
            "egress_only_gateway_id": "",
            "gateway_id": "igw-02f11c45a4a805a54",
            "id": "r-rtb-06ded54828e0986341080289494",
            "instance_id": "",
            "instance_owner_id": "",
            "local_gateway_id": "",
            "nat_gateway_id": "",
            "network_interface_id": "",
            "origin": "CreateRoute",
            "route_table_id": "rtb-06ded54828e098634",
            "state": "active",
            "timeouts": {
              "create": "5m",
              "delete": null,
              "update": null
            },
            "transit_gateway_id": "",
            "vpc_endpoint_id": "",
            "vpc_peering_connection_id": ""
          },
          "sensitive_attributes": [],
          "private": "eyJlMmJmYjczMC1lY2FhLTExZTYtOGY4OC0zNDM2M2JjN2M0YzAiOnsiY3JlYXRlIjozMDAwMDAwMDAwMDAsImRlbGV0ZSI6MzAwMDAwMDAwMDAwLCJ1cGRhdGUiOjEyMDAwMDAwMDAwMH19",
          "dependencies": [
            "module.network.aws_internet_gateway.this",
            "module.network.aws_route_table.public",
            "module.network.aws_vpc.this",
            "module.network.aws_vpc_ipv4_cidr_block_association.this"
          ]
        }
      ]
    },
    {
      "module": "module.network",
      "mode": "managed",
      "type": "aws_route_table",
      "name": "private",
      "provider": "provider[\"registry.opentofu.org/hashicorp/aws\"]",
      "instances": [
        {
          "index_key": 0,
          "schema_version": 0,
          "attributes": {
            "arn": "arn:aws:ec2:eu-central-1:851725263660:route-table/rtb-06edfabfc0f7f49bf",
            "id": "rtb-06edfabfc0f7f49bf",
            "owner_id": "851725263660",
            "propagating_vgws": [],
            "route": [
              {
                "carrier_gateway_id": "",
                "cidr_block": "0.0.0.0/0",
                "core_network_arn": "",
                "destination_prefix_list_id": "",
                "egress_only_gateway_id": "",
                "gateway_id": "",
                "ipv6_cidr_block": "",
                "local_gateway_id": "",
                "nat_gateway_id": "nat-07227650f9175cb55",
                "network_interface_id": "",
                "transit_gateway_id": "",
                "vpc_endpoint_id": "",
                "vpc_peering_connection_id": ""
              }
            ],
            "tags": {
              "Name": "vpc-unir-private-eu-central-1c"
            },
            "tags_all": {
              "Name": "vpc-unir-private-eu-central-1c"
            },
            "timeouts": null,
            "vpc_id": "vpc-04794989594da890f"
          },
          "sensitive_attributes": [],
          "private": "eyJlMmJmYjczMC1lY2FhLTExZTYtOGY4OC0zNDM2M2JjN2M0YzAiOnsiY3JlYXRlIjozMDAwMDAwMDAwMDAsImRlbGV0ZSI6MzAwMDAwMDAwMDAwLCJ1cGRhdGUiOjEyMDAwMDAwMDAwMH19",
          "dependencies": [
            "module.network.aws_vpc.this",
            "module.network.aws_vpc_ipv4_cidr_block_association.this"
          ]
        }
      ]
    },
    {
      "module": "module.network",
      "mode": "managed",
      "type": "aws_route_table",
      "name": "public",
      "provider": "provider[\"registry.opentofu.org/hashicorp/aws\"]",
      "instances": [
        {
          "index_key": 0,
          "schema_version": 0,
          "attributes": {
            "arn": "arn:aws:ec2:eu-central-1:851725263660:route-table/rtb-06ded54828e098634",
            "id": "rtb-06ded54828e098634",
            "owner_id": "851725263660",
            "propagating_vgws": [],
            "route": [
              {
                "carrier_gateway_id": "",
                "cidr_block": "0.0.0.0/0",
                "core_network_arn": "",
                "destination_prefix_list_id": "",
                "egress_only_gateway_id": "",
                "gateway_id": "igw-02f11c45a4a805a54",
                "ipv6_cidr_block": "",
                "local_gateway_id": "",
                "nat_gateway_id": "",
                "network_interface_id": "",
                "transit_gateway_id": "",
                "vpc_endpoint_id": "",
                "vpc_peering_connection_id": ""
              }
            ],
            "tags": {
              "Name": "vpc-unir-public"
            },
            "tags_all": {
              "Name": "vpc-unir-public"
            },
            "timeouts": null,
            "vpc_id": "vpc-04794989594da890f"
          },
          "sensitive_attributes": [],
          "private": "eyJlMmJmYjczMC1lY2FhLTExZTYtOGY4OC0zNDM2M2JjN2M0YzAiOnsiY3JlYXRlIjozMDAwMDAwMDAwMDAsImRlbGV0ZSI6MzAwMDAwMDAwMDAwLCJ1cGRhdGUiOjEyMDAwMDAwMDAwMH19",
          "dependencies": [
            "module.network.aws_vpc.this",
            "module.network.aws_vpc_ipv4_cidr_block_association.this"
          ]
        }
      ]
    },
    {
      "module": "module.network",
      "mode": "managed",
      "type": "aws_route_table_association",
      "name": "private",
      "provider": "provider[\"registry.opentofu.org/hashicorp/aws\"]",
      "instances": [
        {
          "index_key": 0,
          "schema_version": 0,
          "attributes": {
            "gateway_id": "",
            "id": "rtbassoc-03bec352ff3fbc051",
            "route_table_id": "rtb-06edfabfc0f7f49bf",
            "subnet_id": "subnet-0caa5ee24b28e4e09",
            "timeouts": null
          },
          "sensitive_attributes": [],
          "private": "eyJlMmJmYjczMC1lY2FhLTExZTYtOGY4OC0zNDM2M2JjN2M0YzAiOnsiY3JlYXRlIjozMDAwMDAwMDAwMDAsImRlbGV0ZSI6MzAwMDAwMDAwMDAwLCJ1cGRhdGUiOjEyMDAwMDAwMDAwMH19",
          "dependencies": [
            "module.network.aws_route_table.private",
            "module.network.aws_subnet.private",
            "module.network.aws_vpc.this",
            "module.network.aws_vpc_ipv4_cidr_block_association.this"
          ]
        }
      ]
    },
    {
      "module": "module.network",
      "mode": "managed",
      "type": "aws_route_table_association",
      "name": "public",
      "provider": "provider[\"registry.opentofu.org/hashicorp/aws\"]",
      "instances": [
        {
          "index_key": 0,
          "schema_version": 0,
          "attributes": {
            "gateway_id": "",
            "id": "rtbassoc-0159fce0e8f7833a2",
            "route_table_id": "rtb-06ded54828e098634",
            "subnet_id": "subnet-02c0ae1e31c749564",
            "timeouts": null
          },
          "sensitive_attributes": [],
          "private": "eyJlMmJmYjczMC1lY2FhLTExZTYtOGY4OC0zNDM2M2JjN2M0YzAiOnsiY3JlYXRlIjozMDAwMDAwMDAwMDAsImRlbGV0ZSI6MzAwMDAwMDAwMDAwLCJ1cGRhdGUiOjEyMDAwMDAwMDAwMH19",
          "dependencies": [
            "module.network.aws_route_table.public",
            "module.network.aws_subnet.public",
            "module.network.aws_vpc.this",
            "module.network.aws_vpc_ipv4_cidr_block_association.this"
          ]
        }
      ]
    },
    {
      "module": "module.network",
      "mode": "managed",
      "type": "aws_subnet",
      "name": "private",
      "provider": "provider[\"registry.opentofu.org/hashicorp/aws\"]",
      "instances": [
        {
          "index_key": 0,
          "schema_version": 1,
          "attributes": {
            "arn": "arn:aws:ec2:eu-central-1:851725263660:subnet/subnet-0caa5ee24b28e4e09",
            "assign_ipv6_address_on_creation": false,
            "availability_zone": "eu-central-1c",
            "availability_zone_id": "euc1-az1",
            "cidr_block": "10.153.30.0/24",
            "customer_owned_ipv4_pool": "",
            "enable_dns64": false,
            "enable_lni_at_device_index": 0,
            "enable_resource_name_dns_a_record_on_launch": false,
            "enable_resource_name_dns_aaaa_record_on_launch": false,
            "id": "subnet-0caa5ee24b28e4e09",
            "ipv6_cidr_block": "",
            "ipv6_cidr_block_association_id": "",
            "ipv6_native": false,
            "map_customer_owned_ip_on_launch": false,
            "map_public_ip_on_launch": false,
            "outpost_arn": "",
            "owner_id": "851725263660",
            "private_dns_hostname_type_on_launch": "ip-name",
            "tags": {
              "Name": "priv_snet_a"
            },
            "tags_all": {
              "Name": "priv_snet_a"
            },
            "timeouts": null,
            "vpc_id": "vpc-04794989594da890f"
          },
          "sensitive_attributes": [],
          "private": "eyJlMmJmYjczMC1lY2FhLTExZTYtOGY4OC0zNDM2M2JjN2M0YzAiOnsiY3JlYXRlIjo2MDAwMDAwMDAwMDAsImRlbGV0ZSI6MTIwMDAwMDAwMDAwMH0sInNjaGVtYV92ZXJzaW9uIjoiMSJ9",
          "dependencies": [
            "module.network.aws_vpc.this",
            "module.network.aws_vpc_ipv4_cidr_block_association.this"
          ]
        }
      ]
    },
    {
      "module": "module.network",
      "mode": "managed",
      "type": "aws_subnet",
      "name": "public",
      "provider": "provider[\"registry.opentofu.org/hashicorp/aws\"]",
      "instances": [
        {
          "index_key": 0,
          "schema_version": 1,
          "attributes": {
            "arn": "arn:aws:ec2:eu-central-1:851725263660:subnet/subnet-02c0ae1e31c749564",
            "assign_ipv6_address_on_creation": false,
            "availability_zone": "eu-central-1c",
            "availability_zone_id": "euc1-az1",
            "cidr_block": "10.153.10.0/24",
            "customer_owned_ipv4_pool": "",
            "enable_dns64": false,
            "enable_lni_at_device_index": 0,
            "enable_resource_name_dns_a_record_on_launch": false,
            "enable_resource_name_dns_aaaa_record_on_launch": false,
            "id": "subnet-02c0ae1e31c749564",
            "ipv6_cidr_block": "",
            "ipv6_cidr_block_association_id": "",
            "ipv6_native": false,
            "map_customer_owned_ip_on_launch": false,
            "map_public_ip_on_launch": false,
            "outpost_arn": "",
            "owner_id": "851725263660",
            "private_dns_hostname_type_on_launch": "ip-name",
            "tags": {
              "Name": "pub_snet_a"
            },
            "tags_all": {
              "Name": "pub_snet_a"
            },
            "timeouts": null,
            "vpc_id": "vpc-04794989594da890f"
          },
          "sensitive_attributes": [],
          "private": "eyJlMmJmYjczMC1lY2FhLTExZTYtOGY4OC0zNDM2M2JjN2M0YzAiOnsiY3JlYXRlIjo2MDAwMDAwMDAwMDAsImRlbGV0ZSI6MTIwMDAwMDAwMDAwMH0sInNjaGVtYV92ZXJzaW9uIjoiMSJ9",
          "dependencies": [
            "module.network.aws_vpc.this",
            "module.network.aws_vpc_ipv4_cidr_block_association.this"
          ]
        }
      ]
    },
    {
      "module": "module.network",
      "mode": "managed",
      "type": "aws_vpc",
      "name": "this",
      "provider": "provider[\"registry.opentofu.org/hashicorp/aws\"]",
      "instances": [
        {
          "index_key": 0,
          "schema_version": 1,
          "attributes": {
            "arn": "arn:aws:ec2:eu-central-1:851725263660:vpc/vpc-04794989594da890f",
            "assign_generated_ipv6_cidr_block": false,
            "cidr_block": "10.153.0.0/16",
            "default_network_acl_id": "acl-05301e7f9c63950d0",
            "default_route_table_id": "rtb-08628a128b856673c",
            "default_security_group_id": "sg-02b6546f23896b95e",
            "dhcp_options_id": "dopt-0cc0d99a4679021b8",
            "enable_dns_hostnames": true,
            "enable_dns_support": true,
            "enable_network_address_usage_metrics": false,
            "id": "vpc-04794989594da890f",
            "instance_tenancy": "default",
            "ipv4_ipam_pool_id": null,
            "ipv4_netmask_length": null,
            "ipv6_association_id": "",
            "ipv6_cidr_block": "",
            "ipv6_cidr_block_network_border_group": "",
            "ipv6_ipam_pool_id": "",
            "ipv6_netmask_length": 0,
            "main_route_table_id": "rtb-08628a128b856673c",
            "owner_id": "851725263660",
            "tags": {
              "Name": "vpc-unir"
            },
            "tags_all": {
              "Name": "vpc-unir"
            }
          },
          "sensitive_attributes": [],
          "private": "eyJzY2hlbWFfdmVyc2lvbiI6IjEifQ=="
        }
      ]
    },
    {
      "module": "module.network",
      "mode": "managed",
      "type": "aws_vpc_ipv4_cidr_block_association",
      "name": "this",
      "provider": "provider[\"registry.opentofu.org/hashicorp/aws\"]",
      "instances": []
    },
    {
      "module": "module.s3_server_anjana_buckets[\"marga-deploy-bucket\"]",
      "mode": "data",
      "type": "aws_caller_identity",
      "name": "current",
      "provider": "provider[\"registry.opentofu.org/hashicorp/aws\"]",
      "instances": [
        {
          "schema_version": 0,
          "attributes": {
            "account_id": "851725263660",
            "arn": "arn:aws:iam::851725263660:user/arga",
            "id": "851725263660",
            "user_id": "AIDA4MTWIEMWNHQTFEXP7"
          },
          "sensitive_attributes": []
        }
      ]
    },
    {
      "module": "module.s3_server_anjana_buckets[\"marga-deploy-bucket\"]",
      "mode": "data",
      "type": "aws_partition",
      "name": "current",
      "provider": "provider[\"registry.opentofu.org/hashicorp/aws\"]",
      "instances": [
        {
          "schema_version": 0,
          "attributes": {
            "dns_suffix": "amazonaws.com",
            "id": "aws",
            "partition": "aws",
            "reverse_dns_prefix": "com.amazonaws"
          },
          "sensitive_attributes": []
        }
      ]
    },
    {
      "module": "module.s3_server_anjana_buckets[\"marga-deploy-bucket\"]",
      "mode": "data",
      "type": "aws_region",
      "name": "current",
      "provider": "provider[\"registry.opentofu.org/hashicorp/aws\"]",
      "instances": [
        {
          "schema_version": 0,
          "attributes": {
            "description": "Europe (Frankfurt)",
            "endpoint": "ec2.eu-central-1.amazonaws.com",
            "id": "eu-central-1",
            "name": "eu-central-1"
          },
          "sensitive_attributes": []
        }
      ]
    },
    {
      "module": "module.s3_server_anjana_buckets[\"marga-deploy-bucket\"]",
      "mode": "managed",
      "type": "aws_s3_bucket",
      "name": "this",
      "provider": "provider[\"registry.opentofu.org/hashicorp/aws\"]",
      "instances": [
        {
          "index_key": 0,
          "schema_version": 0,
          "attributes": {
            "acceleration_status": "",
            "acl": null,
            "arn": "arn:aws:s3:::marga-deploy-bucket-unir",
            "bucket": "marga-deploy-bucket-unir",
            "bucket_domain_name": "marga-deploy-bucket-unir.s3.amazonaws.com",
            "bucket_prefix": "",
            "bucket_regional_domain_name": "marga-deploy-bucket-unir.s3.eu-central-1.amazonaws.com",
            "cors_rule": [],
            "force_destroy": false,
            "grant": [
              {
                "id": "1385bebf5439cdd6b0f61084f1fdbccbb2e92b4846b291e80dd1f708101c0636",
                "permissions": [
                  "FULL_CONTROL"
                ],
                "type": "CanonicalUser",
                "uri": ""
              }
            ],
            "hosted_zone_id": "Z21DNDUVLTQW6Q",
            "id": "marga-deploy-bucket-unir",
            "lifecycle_rule": [],
            "logging": [],
            "object_lock_configuration": [],
            "object_lock_enabled": false,
            "policy": "",
            "region": "eu-central-1",
            "replication_configuration": [],
            "request_payer": "BucketOwner",
            "server_side_encryption_configuration": [
              {
                "rule": [
                  {
                    "apply_server_side_encryption_by_default": [
                      {
                        "kms_master_key_id": "",
                        "sse_algorithm": "AES256"
                      }
                    ],
                    "bucket_key_enabled": false
                  }
                ]
              }
            ],
            "tags": {},
            "tags_all": {},
            "timeouts": null,
            "versioning": [
              {
                "enabled": false,
                "mfa_delete": false
              }
            ],
            "website": [],
            "website_domain": null,
            "website_endpoint": null
          },
          "sensitive_attributes": [],
          "private": "eyJlMmJmYjczMC1lY2FhLTExZTYtOGY4OC0zNDM2M2JjN2M0YzAiOnsiY3JlYXRlIjoxMjAwMDAwMDAwMDAwLCJkZWxldGUiOjM2MDAwMDAwMDAwMDAsInJlYWQiOjEyMDAwMDAwMDAwMDAsInVwZGF0ZSI6MTIwMDAwMDAwMDAwMH19"
        }
      ]
    },
    {
      "module": "module.s3_server_anjana_buckets[\"marga-deploy-bucket\"]",
      "mode": "managed",
      "type": "aws_s3_bucket_ownership_controls",
      "name": "this",
      "provider": "provider[\"registry.opentofu.org/hashicorp/aws\"]",
      "instances": [
        {
          "index_key": 0,
          "schema_version": 0,
          "attributes": {
            "bucket": "marga-deploy-bucket-unir",
            "id": "marga-deploy-bucket-unir",
            "rule": [
              {
                "object_ownership": "BucketOwnerEnforced"
              }
            ]
          },
          "sensitive_attributes": [],
          "private": "bnVsbA==",
          "dependencies": [
            "module.s3_server_anjana_buckets.aws_s3_bucket.this",
            "module.s3_server_anjana_buckets.aws_s3_bucket_policy.this",
            "module.s3_server_anjana_buckets.aws_s3_bucket_public_access_block.this",
            "module.s3_server_anjana_buckets.data.aws_caller_identity.current",
            "module.s3_server_anjana_buckets.data.aws_iam_policy_document.access_log_delivery",
            "module.s3_server_anjana_buckets.data.aws_iam_policy_document.combined",
            "module.s3_server_anjana_buckets.data.aws_iam_policy_document.deny_incorrect_encryption_headers",
            "module.s3_server_anjana_buckets.data.aws_iam_policy_document.deny_incorrect_kms_key_sse",
            "module.s3_server_anjana_buckets.data.aws_iam_policy_document.deny_insecure_transport",
            "module.s3_server_anjana_buckets.data.aws_iam_policy_document.deny_unencrypted_object_uploads",
            "module.s3_server_anjana_buckets.data.aws_iam_policy_document.elb_log_delivery",
            "module.s3_server_anjana_buckets.data.aws_iam_policy_document.inventory_and_analytics_destination_policy",
            "module.s3_server_anjana_buckets.data.aws_iam_policy_document.lb_log_delivery",
            "module.s3_server_anjana_buckets.data.aws_iam_policy_document.require_latest_tls",
            "module.s3_server_anjana_buckets.data.aws_partition.current",
            "module.s3_server_anjana_buckets.data.aws_region.current"
          ]
        }
      ]
    },
    {
      "module": "module.s3_server_anjana_buckets[\"marga-deploy-bucket\"]",
      "mode": "managed",
      "type": "aws_s3_bucket_public_access_block",
      "name": "this",
      "provider": "provider[\"registry.opentofu.org/hashicorp/aws\"]",
      "instances": [
        {
          "index_key": 0,
          "schema_version": 0,
          "attributes": {
            "block_public_acls": true,
            "block_public_policy": true,
            "bucket": "marga-deploy-bucket-unir",
            "id": "marga-deploy-bucket-unir",
            "ignore_public_acls": true,
            "restrict_public_buckets": true
          },
          "sensitive_attributes": [],
          "private": "bnVsbA==",
          "dependencies": [
            "module.s3_server_anjana_buckets.aws_s3_bucket.this"
          ]
        }
      ]
    },
    {
      "module": "module.s3_server_anjana_buckets[\"marga-deploy-bucket\"]",
      "mode": "managed",
      "type": "aws_s3_bucket_server_side_encryption_configuration",
      "name": "this",
      "provider": "provider[\"registry.opentofu.org/hashicorp/aws\"]",
      "instances": [
        {
          "index_key": 0,
          "schema_version": 0,
          "attributes": {
            "bucket": "marga-deploy-bucket-unir",
            "expected_bucket_owner": "",
            "id": "marga-deploy-bucket-unir",
            "rule": [
              {
                "apply_server_side_encryption_by_default": [
                  {
                    "kms_master_key_id": "",
                    "sse_algorithm": "AES256"
                  }
                ],
                "bucket_key_enabled": false
              }
            ]
          },
          "sensitive_attributes": [],
          "private": "bnVsbA==",
          "dependencies": [
            "module.s3_server_anjana_buckets.aws_s3_bucket.this"
          ]
        }
      ]
    },
    {
      "module": "module.s3_server_anjana_buckets[\"marga-deploy-bucket\"]",
      "mode": "managed",
      "type": "aws_s3_bucket_versioning",
      "name": "this",
      "provider": "provider[\"registry.opentofu.org/hashicorp/aws\"]",
      "instances": [
        {
          "index_key": 0,
          "schema_version": 0,
          "attributes": {
            "bucket": "marga-deploy-bucket-unir",
            "expected_bucket_owner": "",
            "id": "marga-deploy-bucket-unir",
            "mfa": null,
            "versioning_configuration": [
              {
                "mfa_delete": "",
                "status": "Suspended"
              }
            ]
          },
          "sensitive_attributes": [],
          "private": "bnVsbA==",
          "dependencies": [
            "module.s3_server_anjana_buckets.aws_s3_bucket.this"
          ]
        }
      ]
    },
    {
      "module": "module.s3_server_anjana_buckets[\"marga-deploy-bucket-prod\"]",
      "mode": "data",
      "type": "aws_caller_identity",
      "name": "current",
      "provider": "provider[\"registry.opentofu.org/hashicorp/aws\"]",
      "instances": [
        {
          "schema_version": 0,
          "attributes": {
            "account_id": "851725263660",
            "arn": "arn:aws:iam::851725263660:user/arga",
            "id": "851725263660",
            "user_id": "AIDA4MTWIEMWNHQTFEXP7"
          },
          "sensitive_attributes": []
        }
      ]
    },
    {
      "module": "module.s3_server_anjana_buckets[\"marga-deploy-bucket-prod\"]",
      "mode": "data",
      "type": "aws_partition",
      "name": "current",
      "provider": "provider[\"registry.opentofu.org/hashicorp/aws\"]",
      "instances": [
        {
          "schema_version": 0,
          "attributes": {
            "dns_suffix": "amazonaws.com",
            "id": "aws",
            "partition": "aws",
            "reverse_dns_prefix": "com.amazonaws"
          },
          "sensitive_attributes": []
        }
      ]
    },
    {
      "module": "module.s3_server_anjana_buckets[\"marga-deploy-bucket-prod\"]",
      "mode": "data",
      "type": "aws_region",
      "name": "current",
      "provider": "provider[\"registry.opentofu.org/hashicorp/aws\"]",
      "instances": [
        {
          "schema_version": 0,
          "attributes": {
            "description": "Europe (Frankfurt)",
            "endpoint": "ec2.eu-central-1.amazonaws.com",
            "id": "eu-central-1",
            "name": "eu-central-1"
          },
          "sensitive_attributes": []
        }
      ]
    },
    {
      "module": "module.s3_server_anjana_buckets[\"marga-deploy-bucket-prod\"]",
      "mode": "managed",
      "type": "aws_s3_bucket",
      "name": "this",
      "provider": "provider[\"registry.opentofu.org/hashicorp/aws\"]",
      "instances": [
        {
          "index_key": 0,
          "schema_version": 0,
          "attributes": {
            "acceleration_status": "",
            "acl": null,
            "arn": "arn:aws:s3:::marga-deploy-bucket-prod-unir",
            "bucket": "marga-deploy-bucket-prod-unir",
            "bucket_domain_name": "marga-deploy-bucket-prod-unir.s3.amazonaws.com",
            "bucket_prefix": "",
            "bucket_regional_domain_name": "marga-deploy-bucket-prod-unir.s3.eu-central-1.amazonaws.com",
            "cors_rule": [],
            "force_destroy": false,
            "grant": [
              {
                "id": "1385bebf5439cdd6b0f61084f1fdbccbb2e92b4846b291e80dd1f708101c0636",
                "permissions": [
                  "FULL_CONTROL"
                ],
                "type": "CanonicalUser",
                "uri": ""
              }
            ],
            "hosted_zone_id": "Z21DNDUVLTQW6Q",
            "id": "marga-deploy-bucket-prod-unir",
            "lifecycle_rule": [],
            "logging": [],
            "object_lock_configuration": [],
            "object_lock_enabled": false,
            "policy": "",
            "region": "eu-central-1",
            "replication_configuration": [],
            "request_payer": "BucketOwner",
            "server_side_encryption_configuration": [
              {
                "rule": [
                  {
                    "apply_server_side_encryption_by_default": [
                      {
                        "kms_master_key_id": "",
                        "sse_algorithm": "AES256"
                      }
                    ],
                    "bucket_key_enabled": false
                  }
                ]
              }
            ],
            "tags": {},
            "tags_all": {},
            "timeouts": null,
            "versioning": [
              {
                "enabled": false,
                "mfa_delete": false
              }
            ],
            "website": [],
            "website_domain": null,
            "website_endpoint": null
          },
          "sensitive_attributes": [],
          "private": "eyJlMmJmYjczMC1lY2FhLTExZTYtOGY4OC0zNDM2M2JjN2M0YzAiOnsiY3JlYXRlIjoxMjAwMDAwMDAwMDAwLCJkZWxldGUiOjM2MDAwMDAwMDAwMDAsInJlYWQiOjEyMDAwMDAwMDAwMDAsInVwZGF0ZSI6MTIwMDAwMDAwMDAwMH19"
        }
      ]
    },
    {
      "module": "module.s3_server_anjana_buckets[\"marga-deploy-bucket-prod\"]",
      "mode": "managed",
      "type": "aws_s3_bucket_ownership_controls",
      "name": "this",
      "provider": "provider[\"registry.opentofu.org/hashicorp/aws\"]",
      "instances": [
        {
          "index_key": 0,
          "schema_version": 0,
          "attributes": {
            "bucket": "marga-deploy-bucket-prod-unir",
            "id": "marga-deploy-bucket-prod-unir",
            "rule": [
              {
                "object_ownership": "BucketOwnerEnforced"
              }
            ]
          },
          "sensitive_attributes": [],
          "private": "bnVsbA==",
          "dependencies": [
            "module.s3_server_anjana_buckets.aws_s3_bucket.this",
            "module.s3_server_anjana_buckets.aws_s3_bucket_policy.this",
            "module.s3_server_anjana_buckets.aws_s3_bucket_public_access_block.this",
            "module.s3_server_anjana_buckets.data.aws_caller_identity.current",
            "module.s3_server_anjana_buckets.data.aws_iam_policy_document.access_log_delivery",
            "module.s3_server_anjana_buckets.data.aws_iam_policy_document.combined",
            "module.s3_server_anjana_buckets.data.aws_iam_policy_document.deny_incorrect_encryption_headers",
            "module.s3_server_anjana_buckets.data.aws_iam_policy_document.deny_incorrect_kms_key_sse",
            "module.s3_server_anjana_buckets.data.aws_iam_policy_document.deny_insecure_transport",
            "module.s3_server_anjana_buckets.data.aws_iam_policy_document.deny_unencrypted_object_uploads",
            "module.s3_server_anjana_buckets.data.aws_iam_policy_document.elb_log_delivery",
            "module.s3_server_anjana_buckets.data.aws_iam_policy_document.inventory_and_analytics_destination_policy",
            "module.s3_server_anjana_buckets.data.aws_iam_policy_document.lb_log_delivery",
            "module.s3_server_anjana_buckets.data.aws_iam_policy_document.require_latest_tls",
            "module.s3_server_anjana_buckets.data.aws_partition.current",
            "module.s3_server_anjana_buckets.data.aws_region.current"
          ]
        }
      ]
    },
    {
      "module": "module.s3_server_anjana_buckets[\"marga-deploy-bucket-prod\"]",
      "mode": "managed",
      "type": "aws_s3_bucket_public_access_block",
      "name": "this",
      "provider": "provider[\"registry.opentofu.org/hashicorp/aws\"]",
      "instances": [
        {
          "index_key": 0,
          "schema_version": 0,
          "attributes": {
            "block_public_acls": true,
            "block_public_policy": true,
            "bucket": "marga-deploy-bucket-prod-unir",
            "id": "marga-deploy-bucket-prod-unir",
            "ignore_public_acls": true,
            "restrict_public_buckets": true
          },
          "sensitive_attributes": [],
          "private": "bnVsbA==",
          "dependencies": [
            "module.s3_server_anjana_buckets.aws_s3_bucket.this"
          ]
        }
      ]
    },
    {
      "module": "module.s3_server_anjana_buckets[\"marga-deploy-bucket-prod\"]",
      "mode": "managed",
      "type": "aws_s3_bucket_server_side_encryption_configuration",
      "name": "this",
      "provider": "provider[\"registry.opentofu.org/hashicorp/aws\"]",
      "instances": [
        {
          "index_key": 0,
          "schema_version": 0,
          "attributes": {
            "bucket": "marga-deploy-bucket-prod-unir",
            "expected_bucket_owner": "",
            "id": "marga-deploy-bucket-prod-unir",
            "rule": [
              {
                "apply_server_side_encryption_by_default": [
                  {
                    "kms_master_key_id": "",
                    "sse_algorithm": "AES256"
                  }
                ],
                "bucket_key_enabled": false
              }
            ]
          },
          "sensitive_attributes": [],
          "private": "bnVsbA==",
          "dependencies": [
            "module.s3_server_anjana_buckets.aws_s3_bucket.this"
          ]
        }
      ]
    },
    {
      "module": "module.s3_server_anjana_buckets[\"marga-deploy-bucket-prod\"]",
      "mode": "managed",
      "type": "aws_s3_bucket_versioning",
      "name": "this",
      "provider": "provider[\"registry.opentofu.org/hashicorp/aws\"]",
      "instances": [
        {
          "index_key": 0,
          "schema_version": 0,
          "attributes": {
            "bucket": "marga-deploy-bucket-prod-unir",
            "expected_bucket_owner": "",
            "id": "marga-deploy-bucket-prod-unir",
            "mfa": null,
            "versioning_configuration": [
              {
                "mfa_delete": "",
                "status": "Suspended"
              }
            ]
          },
          "sensitive_attributes": [],
          "private": "bnVsbA==",
          "dependencies": [
            "module.s3_server_anjana_buckets.aws_s3_bucket.this"
          ]
        }
      ]
    },
    {
      "module": "module.s3_server_anjana_buckets[\"marga-deploy-bucket-staging\"]",
      "mode": "data",
      "type": "aws_caller_identity",
      "name": "current",
      "provider": "provider[\"registry.opentofu.org/hashicorp/aws\"]",
      "instances": [
        {
          "schema_version": 0,
          "attributes": {
            "account_id": "851725263660",
            "arn": "arn:aws:iam::851725263660:user/arga",
            "id": "851725263660",
            "user_id": "AIDA4MTWIEMWNHQTFEXP7"
          },
          "sensitive_attributes": []
        }
      ]
    },
    {
      "module": "module.s3_server_anjana_buckets[\"marga-deploy-bucket-staging\"]",
      "mode": "data",
      "type": "aws_partition",
      "name": "current",
      "provider": "provider[\"registry.opentofu.org/hashicorp/aws\"]",
      "instances": [
        {
          "schema_version": 0,
          "attributes": {
            "dns_suffix": "amazonaws.com",
            "id": "aws",
            "partition": "aws",
            "reverse_dns_prefix": "com.amazonaws"
          },
          "sensitive_attributes": []
        }
      ]
    },
    {
      "module": "module.s3_server_anjana_buckets[\"marga-deploy-bucket-staging\"]",
      "mode": "data",
      "type": "aws_region",
      "name": "current",
      "provider": "provider[\"registry.opentofu.org/hashicorp/aws\"]",
      "instances": [
        {
          "schema_version": 0,
          "attributes": {
            "description": "Europe (Frankfurt)",
            "endpoint": "ec2.eu-central-1.amazonaws.com",
            "id": "eu-central-1",
            "name": "eu-central-1"
          },
          "sensitive_attributes": []
        }
      ]
    },
    {
      "module": "module.s3_server_anjana_buckets[\"marga-deploy-bucket-staging\"]",
      "mode": "managed",
      "type": "aws_s3_bucket",
      "name": "this",
      "provider": "provider[\"registry.opentofu.org/hashicorp/aws\"]",
      "instances": [
        {
          "index_key": 0,
          "schema_version": 0,
          "attributes": {
            "acceleration_status": "",
            "acl": null,
            "arn": "arn:aws:s3:::marga-deploy-bucket-staging-unir",
            "bucket": "marga-deploy-bucket-staging-unir",
            "bucket_domain_name": "marga-deploy-bucket-staging-unir.s3.amazonaws.com",
            "bucket_prefix": "",
            "bucket_regional_domain_name": "marga-deploy-bucket-staging-unir.s3.eu-central-1.amazonaws.com",
            "cors_rule": [],
            "force_destroy": false,
            "grant": [
              {
                "id": "1385bebf5439cdd6b0f61084f1fdbccbb2e92b4846b291e80dd1f708101c0636",
                "permissions": [
                  "FULL_CONTROL"
                ],
                "type": "CanonicalUser",
                "uri": ""
              }
            ],
            "hosted_zone_id": "Z21DNDUVLTQW6Q",
            "id": "marga-deploy-bucket-staging-unir",
            "lifecycle_rule": [],
            "logging": [],
            "object_lock_configuration": [],
            "object_lock_enabled": false,
            "policy": "",
            "region": "eu-central-1",
            "replication_configuration": [],
            "request_payer": "BucketOwner",
            "server_side_encryption_configuration": [
              {
                "rule": [
                  {
                    "apply_server_side_encryption_by_default": [
                      {
                        "kms_master_key_id": "",
                        "sse_algorithm": "AES256"
                      }
                    ],
                    "bucket_key_enabled": false
                  }
                ]
              }
            ],
            "tags": {},
            "tags_all": {},
            "timeouts": null,
            "versioning": [
              {
                "enabled": false,
                "mfa_delete": false
              }
            ],
            "website": [],
            "website_domain": null,
            "website_endpoint": null
          },
          "sensitive_attributes": [],
          "private": "eyJlMmJmYjczMC1lY2FhLTExZTYtOGY4OC0zNDM2M2JjN2M0YzAiOnsiY3JlYXRlIjoxMjAwMDAwMDAwMDAwLCJkZWxldGUiOjM2MDAwMDAwMDAwMDAsInJlYWQiOjEyMDAwMDAwMDAwMDAsInVwZGF0ZSI6MTIwMDAwMDAwMDAwMH19"
        }
      ]
    },
    {
      "module": "module.s3_server_anjana_buckets[\"marga-deploy-bucket-staging\"]",
      "mode": "managed",
      "type": "aws_s3_bucket_ownership_controls",
      "name": "this",
      "provider": "provider[\"registry.opentofu.org/hashicorp/aws\"]",
      "instances": [
        {
          "index_key": 0,
          "schema_version": 0,
          "attributes": {
            "bucket": "marga-deploy-bucket-staging-unir",
            "id": "marga-deploy-bucket-staging-unir",
            "rule": [
              {
                "object_ownership": "BucketOwnerEnforced"
              }
            ]
          },
          "sensitive_attributes": [],
          "private": "bnVsbA==",
          "dependencies": [
            "module.s3_server_anjana_buckets.aws_s3_bucket.this",
            "module.s3_server_anjana_buckets.aws_s3_bucket_policy.this",
            "module.s3_server_anjana_buckets.aws_s3_bucket_public_access_block.this",
            "module.s3_server_anjana_buckets.data.aws_caller_identity.current",
            "module.s3_server_anjana_buckets.data.aws_iam_policy_document.access_log_delivery",
            "module.s3_server_anjana_buckets.data.aws_iam_policy_document.combined",
            "module.s3_server_anjana_buckets.data.aws_iam_policy_document.deny_incorrect_encryption_headers",
            "module.s3_server_anjana_buckets.data.aws_iam_policy_document.deny_incorrect_kms_key_sse",
            "module.s3_server_anjana_buckets.data.aws_iam_policy_document.deny_insecure_transport",
            "module.s3_server_anjana_buckets.data.aws_iam_policy_document.deny_unencrypted_object_uploads",
            "module.s3_server_anjana_buckets.data.aws_iam_policy_document.elb_log_delivery",
            "module.s3_server_anjana_buckets.data.aws_iam_policy_document.inventory_and_analytics_destination_policy",
            "module.s3_server_anjana_buckets.data.aws_iam_policy_document.lb_log_delivery",
            "module.s3_server_anjana_buckets.data.aws_iam_policy_document.require_latest_tls",
            "module.s3_server_anjana_buckets.data.aws_partition.current",
            "module.s3_server_anjana_buckets.data.aws_region.current"
          ]
        }
      ]
    },
    {
      "module": "module.s3_server_anjana_buckets[\"marga-deploy-bucket-staging\"]",
      "mode": "managed",
      "type": "aws_s3_bucket_public_access_block",
      "name": "this",
      "provider": "provider[\"registry.opentofu.org/hashicorp/aws\"]",
      "instances": [
        {
          "index_key": 0,
          "schema_version": 0,
          "attributes": {
            "block_public_acls": true,
            "block_public_policy": true,
            "bucket": "marga-deploy-bucket-staging-unir",
            "id": "marga-deploy-bucket-staging-unir",
            "ignore_public_acls": true,
            "restrict_public_buckets": true
          },
          "sensitive_attributes": [],
          "private": "bnVsbA==",
          "dependencies": [
            "module.s3_server_anjana_buckets.aws_s3_bucket.this"
          ]
        }
      ]
    },
    {
      "module": "module.s3_server_anjana_buckets[\"marga-deploy-bucket-staging\"]",
      "mode": "managed",
      "type": "aws_s3_bucket_server_side_encryption_configuration",
      "name": "this",
      "provider": "provider[\"registry.opentofu.org/hashicorp/aws\"]",
      "instances": [
        {
          "index_key": 0,
          "schema_version": 0,
          "attributes": {
            "bucket": "marga-deploy-bucket-staging-unir",
            "expected_bucket_owner": "",
            "id": "marga-deploy-bucket-staging-unir",
            "rule": [
              {
                "apply_server_side_encryption_by_default": [
                  {
                    "kms_master_key_id": "",
                    "sse_algorithm": "AES256"
                  }
                ],
                "bucket_key_enabled": false
              }
            ]
          },
          "sensitive_attributes": [],
          "private": "bnVsbA==",
          "dependencies": [
            "module.s3_server_anjana_buckets.aws_s3_bucket.this"
          ]
        }
      ]
    },
    {
      "module": "module.s3_server_anjana_buckets[\"marga-deploy-bucket-staging\"]",
      "mode": "managed",
      "type": "aws_s3_bucket_versioning",
      "name": "this",
      "provider": "provider[\"registry.opentofu.org/hashicorp/aws\"]",
      "instances": [
        {
          "index_key": 0,
          "schema_version": 0,
          "attributes": {
            "bucket": "marga-deploy-bucket-staging-unir",
            "expected_bucket_owner": "",
            "id": "marga-deploy-bucket-staging-unir",
            "mfa": null,
            "versioning_configuration": [
              {
                "mfa_delete": "",
                "status": "Suspended"
              }
            ]
          },
          "sensitive_attributes": [],
          "private": "bnVsbA==",
          "dependencies": [
            "module.s3_server_anjana_buckets.aws_s3_bucket.this"
          ]
        }
      ]
    }
  ],
  "check_results": null
}
